
Microsoft Visual Studio Solution File, Format Version 12.00
# Visual Studio Version 17
VisualStudioVersion = 17.9.34723.18
MinimumVisualStudioVersion = 10.0.40219.1
Project("{9A19103F-16F7-4668-BE54-9A1E7A4F7556}") = "RetailCore.WebAPI", "RetailCore.WebAPI\RetailCore.WebAPI.csproj", "{50EE96A8-0C34-44B8-BCA9-7E04968043D7}"
EndProject
Project("{9A19103F-16F7-4668-BE54-9A1E7A4F7556}") = "RetailCore.Shared", "RetailCore.Shared\RetailCore.Shared.csproj", "{9B3794DE-156F-4AD2-BE54-C89AEA09BF11}"
EndProject
Project("{9A19103F-16F7-4668-BE54-9A1E7A4F7556}") = "RetailCore.Services", "RetailCore.Services\RetailCore.Services.csproj", "{DBFDCF44-967A-45E2-BBE1-44A875902F7B}"
EndProject
Project("{9A19103F-16F7-4668-BE54-9A1E7A4F7556}") = "RetailCore.ServiceContracts", "RetailCore.ServiceContracts\RetailCore.ServiceContracts.csproj", "{9C3FBCA5-DB25-4AE7-A4F0-C73F3B0910EF}"
EndProject
Project("{9A19103F-16F7-4668-BE54-9A1E7A4F7556}") = "RetailCore.Security", "RetailCore.Security\RetailCore.Security.csproj", "{4B6EC555-7614-4874-A208-817303AD48AC}"
EndProject
Project("{9A19103F-16F7-4668-BE54-9A1E7A4F7556}") = "RetailCore.Repository", "RetailCore.Repository\RetailCore.Repository.csproj", "{1879D969-3CD4-44FD-A0A0-7FEC908DA80E}"
EndProject
Project("{9A19103F-16F7-4668-BE54-9A1E7A4F7556}") = "RetailCore.Persistance", "RetailCore.Persistance\RetailCore.Persistance.csproj", "{E17BCA52-0CF2-4111-B2CF-6A653C67B57D}"
EndProject
Project("{9A19103F-16F7-4668-BE54-9A1E7A4F7556}") = "RetailCore.Mapper", "RetailCore.Mapper\RetailCore.Mapper.csproj", "{E81917CA-75AA-4A64-835D-F79213EBE2CF}"
EndProject
Project("{9A19103F-16F7-4668-BE54-9A1E7A4F7556}") = "RetailCore.Interfaces", "RetailCore.Interfaces\RetailCore.Interfaces.csproj", "{E3E72EE9-A9CA-4946-8B71-A7C9FC3353CA}"
EndProject
Project("{9A19103F-16F7-4668-BE54-9A1E7A4F7556}") = "RetailCore.EntityGenerator", "RetailCore.EntityGenerator\RetailCore.EntityGenerator.csproj", "{7DAA6DA1-5ADD-4568-9F97-8823F4452574}"
EndProject
Project("{9A19103F-16F7-4668-BE54-9A1E7A4F7556}") = "RetailCore.InfrastructureServices", "RetailCore.InfrastructureServices\RetailCore.InfrastructureServices.csproj", "{53B637CC-B1C7-4411-ACAA-9417D7C94BC9}"
EndProject
Project("{9A19103F-16F7-4668-BE54-9A1E7A4F7556}") = "RetailCore.Entities", "RetailCore.Entities\RetailCore.Entities.csproj", "{90EA3068-D687-4239-A6C5-7C547724F942}"
EndProject
Project("{9A19103F-16F7-4668-BE54-9A1E7A4F7556}") = "RetailCore.DomainServices", "RetailCore.DomainServices\RetailCore.DomainServices.csproj", "{F31FCAD9-A5F9-4B9D-9495-2F7A43DD7CF3}"
EndProject
Project("{9A19103F-16F7-4668-BE54-9A1E7A4F7556}") = "RetailCore.BusinessObjects", "RetailCore.BusinessObjects\RetailCore.BusinessObjects.csproj", "{4DA0FE9F-9A53-45F8-A8BF-6BD157E554E5}"
EndProject
Project("{2150E333-8FDC-42A3-9474-1A3956D46DE8}") = "Application", "Application", "{D2226FE4-84D7-4FA8-A615-385F8501E6F0}"
EndProject
Project("{2150E333-8FDC-42A3-9474-1A3956D46DE8}") = "Core", "Core", "{D4108461-5B82-4540-ACFE-F70D57A07FCE}"
EndProject
Project("{2150E333-8FDC-42A3-9474-1A3956D46DE8}") = "Infrastructure", "Infrastructure", "{9A339E32-8C29-442D-B617-E78BEA36738E}"
EndProject
Project("{2150E333-8FDC-42A3-9474-1A3956D46DE8}") = "Presentation", "Presentation", "{E1272F00-FEC5-4BFB-8CCE-9DB8332B72BC}"
EndProject
Project("{2150E333-8FDC-42A3-9474-1A3956D46DE8}") = "Resources", "Resources", "{C9D17F64-7FE6-4132-AE0B-3429264A4A9A}"
	ProjectSection(SolutionItems) = preProject
		Resources\retailcore.pdf = Resources\retailcore.pdf
		Resources\RetailCoreDBSchema01.sql = Resources\RetailCoreDBSchema01.sql
	EndProjectSection
EndProject
Project("{2150E333-8FDC-42A3-9474-1A3956D46DE8}") = "Security", "Security", "{37F825FC-A635-4519-8553-91937E5F9A4B}"
EndProject
Project("{2150E333-8FDC-42A3-9474-1A3956D46DE8}") = "Shared", "Shared", "{AE06744E-F7A3-4649-96D9-70902410B637}"
EndProject
Project("{2150E333-8FDC-42A3-9474-1A3956D46DE8}") = "Client", "Client", "{6B21E1F7-4A93-4B71-9970-30AD87409214}"
EndProject
Project("{9A19103F-16F7-4668-BE54-9A1E7A4F7556}") = "RetailCore.WindowsApp", "RetailCore.WindowsApp\RetailCore.WindowsApp.csproj", "{43B7A942-CFD6-479C-81A0-F1392DBA2E61}"
EndProject
Project("{2150E333-8FDC-42A3-9474-1A3956D46DE8}") = "RetailCoreUI", "RetailCoreUI", "{B783A71A-0C83-4BB3-BC64-28D52C3DD198}"
	ProjectSection(SolutionItems) = preProject
		RetailCoreUI\ReadMe.txt = RetailCoreUI\ReadMe.txt
	EndProjectSection
EndProject
Project("{9A19103F-16F7-4668-BE54-9A1E7A4F7556}") = "RetailCore.WebApp", "RetailCore.WebApp\RetailCore.WebApp.csproj", "{2C8FA7C5-B2F3-45A2-B138-882E47EE3FF1}"
EndProject
Global
	GlobalSection(SolutionConfigurationPlatforms) = preSolution
		Debug|Any CPU = Debug|Any CPU
		Release|Any CPU = Release|Any CPU
	EndGlobalSection
	GlobalSection(ProjectConfigurationPlatforms) = postSolution
		{50EE96A8-0C34-44B8-BCA9-7E04968043D7}.Debug|Any CPU.ActiveCfg = Debug|Any CPU
		{50EE96A8-0C34-44B8-BCA9-7E04968043D7}.Debug|Any CPU.Build.0 = Debug|Any CPU
		{50EE96A8-0C34-44B8-BCA9-7E04968043D7}.Release|Any CPU.ActiveCfg = Release|Any CPU
		{50EE96A8-0C34-44B8-BCA9-7E04968043D7}.Release|Any CPU.Build.0 = Release|Any CPU
		{9B3794DE-156F-4AD2-BE54-C89AEA09BF11}.Debug|Any CPU.ActiveCfg = Debug|Any CPU
		{9B3794DE-156F-4AD2-BE54-C89AEA09BF11}.Debug|Any CPU.Build.0 = Debug|Any CPU
		{9B3794DE-156F-4AD2-BE54-C89AEA09BF11}.Release|Any CPU.ActiveCfg = Release|Any CPU
		{9B3794DE-156F-4AD2-BE54-C89AEA09BF11}.Release|Any CPU.Build.0 = Release|Any CPU
		{DBFDCF44-967A-45E2-BBE1-44A875902F7B}.Debug|Any CPU.ActiveCfg = Debug|Any CPU
		{DBFDCF44-967A-45E2-BBE1-44A875902F7B}.Debug|Any CPU.Build.0 = Debug|Any CPU
		{DBFDCF44-967A-45E2-BBE1-44A875902F7B}.Release|Any CPU.ActiveCfg = Release|Any CPU
		{DBFDCF44-967A-45E2-BBE1-44A875902F7B}.Release|Any CPU.Build.0 = Release|Any CPU
		{9C3FBCA5-DB25-4AE7-A4F0-C73F3B0910EF}.Debug|Any CPU.ActiveCfg = Debug|Any CPU
		{9C3FBCA5-DB25-4AE7-A4F0-C73F3B0910EF}.Debug|Any CPU.Build.0 = Debug|Any CPU
		{9C3FBCA5-DB25-4AE7-A4F0-C73F3B0910EF}.Release|Any CPU.ActiveCfg = Release|Any CPU
		{9C3FBCA5-DB25-4AE7-A4F0-C73F3B0910EF}.Release|Any CPU.Build.0 = Release|Any CPU
		{4B6EC555-7614-4874-A208-817303AD48AC}.Debug|Any CPU.ActiveCfg = Debug|Any CPU
		{4B6EC555-7614-4874-A208-817303AD48AC}.Debug|Any CPU.Build.0 = Debug|Any CPU
		{4B6EC555-7614-4874-A208-817303AD48AC}.Release|Any CPU.ActiveCfg = Release|Any CPU
		{4B6EC555-7614-4874-A208-817303AD48AC}.Release|Any CPU.Build.0 = Release|Any CPU
		{1879D969-3CD4-44FD-A0A0-7FEC908DA80E}.Debug|Any CPU.ActiveCfg = Debug|Any CPU
		{1879D969-3CD4-44FD-A0A0-7FEC908DA80E}.Debug|Any CPU.Build.0 = Debug|Any CPU
		{1879D969-3CD4-44FD-A0A0-7FEC908DA80E}.Release|Any CPU.ActiveCfg = Release|Any CPU
		{1879D969-3CD4-44FD-A0A0-7FEC908DA80E}.Release|Any CPU.Build.0 = Release|Any CPU
		{E17BCA52-0CF2-4111-B2CF-6A653C67B57D}.Debug|Any CPU.ActiveCfg = Debug|Any CPU
		{E17BCA52-0CF2-4111-B2CF-6A653C67B57D}.Debug|Any CPU.Build.0 = Debug|Any CPU
		{E17BCA52-0CF2-4111-B2CF-6A653C67B57D}.Release|Any CPU.ActiveCfg = Release|Any CPU
		{E17BCA52-0CF2-4111-B2CF-6A653C67B57D}.Release|Any CPU.Build.0 = Release|Any CPU
		{E81917CA-75AA-4A64-835D-F79213EBE2CF}.Debug|Any CPU.ActiveCfg = Debug|Any CPU
		{E81917CA-75AA-4A64-835D-F79213EBE2CF}.Debug|Any CPU.Build.0 = Debug|Any CPU
		{E81917CA-75AA-4A64-835D-F79213EBE2CF}.Release|Any CPU.ActiveCfg = Release|Any CPU
		{E81917CA-75AA-4A64-835D-F79213EBE2CF}.Release|Any CPU.Build.0 = Release|Any CPU
		{E3E72EE9-A9CA-4946-8B71-A7C9FC3353CA}.Debug|Any CPU.ActiveCfg = Debug|Any CPU
		{E3E72EE9-A9CA-4946-8B71-A7C9FC3353CA}.Debug|Any CPU.Build.0 = Debug|Any CPU
		{E3E72EE9-A9CA-4946-8B71-A7C9FC3353CA}.Release|Any CPU.ActiveCfg = Release|Any CPU
		{E3E72EE9-A9CA-4946-8B71-A7C9FC3353CA}.Release|Any CPU.Build.0 = Release|Any CPU
		{7DAA6DA1-5ADD-4568-9F97-8823F4452574}.Debug|Any CPU.ActiveCfg = Debug|Any CPU
		{7DAA6DA1-5ADD-4568-9F97-8823F4452574}.Debug|Any CPU.Build.0 = Debug|Any CPU
		{7DAA6DA1-5ADD-4568-9F97-8823F4452574}.Release|Any CPU.ActiveCfg = Release|Any CPU
		{7DAA6DA1-5ADD-4568-9F97-8823F4452574}.Release|Any CPU.Build.0 = Release|Any CPU
		{53B637CC-B1C7-4411-ACAA-9417D7C94BC9}.Debug|Any CPU.ActiveCfg = Debug|Any CPU
		{53B637CC-B1C7-4411-ACAA-9417D7C94BC9}.Debug|Any CPU.Build.0 = Debug|Any CPU
		{53B637CC-B1C7-4411-ACAA-9417D7C94BC9}.Release|Any CPU.ActiveCfg = Release|Any CPU
		{53B637CC-B1C7-4411-ACAA-9417D7C94BC9}.Release|Any CPU.Build.0 = Release|Any CPU
		{90EA3068-D687-4239-A6C5-7C547724F942}.Debug|Any CPU.ActiveCfg = Debug|Any CPU
		{90EA3068-D687-4239-A6C5-7C547724F942}.Debug|Any CPU.Build.0 = Debug|Any CPU
		{90EA3068-D687-4239-A6C5-7C547724F942}.Release|Any CPU.ActiveCfg = Release|Any CPU
		{90EA3068-D687-4239-A6C5-7C547724F942}.Release|Any CPU.Build.0 = Release|Any CPU
		{F31FCAD9-A5F9-4B9D-9495-2F7A43DD7CF3}.Debug|Any CPU.ActiveCfg = Debug|Any CPU
		{F31FCAD9-A5F9-4B9D-9495-2F7A43DD7CF3}.Debug|Any CPU.Build.0 = Debug|Any CPU
		{F31FCAD9-A5F9-4B9D-9495-2F7A43DD7CF3}.Release|Any CPU.ActiveCfg = Release|Any CPU
		{F31FCAD9-A5F9-4B9D-9495-2F7A43DD7CF3}.Release|Any CPU.Build.0 = Release|Any CPU
		{4DA0FE9F-9A53-45F8-A8BF-6BD157E554E5}.Debug|Any CPU.ActiveCfg = Debug|Any CPU
		{4DA0FE9F-9A53-45F8-A8BF-6BD157E554E5}.Debug|Any CPU.Build.0 = Debug|Any CPU
		{4DA0FE9F-9A53-45F8-A8BF-6BD157E554E5}.Release|Any CPU.ActiveCfg = Release|Any CPU
		{4DA0FE9F-9A53-45F8-A8BF-6BD157E554E5}.Release|Any CPU.Build.0 = Release|Any CPU
		{43B7A942-CFD6-479C-81A0-F1392DBA2E61}.Debug|Any CPU.ActiveCfg = Debug|Any CPU
		{43B7A942-CFD6-479C-81A0-F1392DBA2E61}.Debug|Any CPU.Build.0 = Debug|Any CPU
		{43B7A942-CFD6-479C-81A0-F1392DBA2E61}.Release|Any CPU.ActiveCfg = Release|Any CPU
		{43B7A942-CFD6-479C-81A0-F1392DBA2E61}.Release|Any CPU.Build.0 = Release|Any CPU
		{2C8FA7C5-B2F3-45A2-B138-882E47EE3FF1}.Debug|Any CPU.ActiveCfg = Debug|Any CPU
		{2C8FA7C5-B2F3-45A2-B138-882E47EE3FF1}.Debug|Any CPU.Build.0 = Debug|Any CPU
		{2C8FA7C5-B2F3-45A2-B138-882E47EE3FF1}.Release|Any CPU.ActiveCfg = Release|Any CPU
		{2C8FA7C5-B2F3-45A2-B138-882E47EE3FF1}.Release|Any CPU.Build.0 = Release|Any CPU
	EndGlobalSection
	GlobalSection(SolutionProperties) = preSolution
		HideSolutionNode = FALSE
	EndGlobalSection
	GlobalSection(NestedProjects) = preSolution
		{50EE96A8-0C34-44B8-BCA9-7E04968043D7} = {E1272F00-FEC5-4BFB-8CCE-9DB8332B72BC}
		{9B3794DE-156F-4AD2-BE54-C89AEA09BF11} = {AE06744E-F7A3-4649-96D9-70902410B637}
		{DBFDCF44-967A-45E2-BBE1-44A875902F7B} = {D2226FE4-84D7-4FA8-A615-385F8501E6F0}
		{9C3FBCA5-DB25-4AE7-A4F0-C73F3B0910EF} = {D2226FE4-84D7-4FA8-A615-385F8501E6F0}
		{4B6EC555-7614-4874-A208-817303AD48AC} = {37F825FC-A635-4519-8553-91937E5F9A4B}
		{1879D969-3CD4-44FD-A0A0-7FEC908DA80E} = {9A339E32-8C29-442D-B617-E78BEA36738E}
		{E17BCA52-0CF2-4111-B2CF-6A653C67B57D} = {9A339E32-8C29-442D-B617-E78BEA36738E}
		{E81917CA-75AA-4A64-835D-F79213EBE2CF} = {D2226FE4-84D7-4FA8-A615-385F8501E6F0}
		{E3E72EE9-A9CA-4946-8B71-A7C9FC3353CA} = {D4108461-5B82-4540-ACFE-F70D57A07FCE}
		{7DAA6DA1-5ADD-4568-9F97-8823F4452574} = {D4108461-5B82-4540-ACFE-F70D57A07FCE}
		{53B637CC-B1C7-4411-ACAA-9417D7C94BC9} = {9A339E32-8C29-442D-B617-E78BEA36738E}
		{90EA3068-D687-4239-A6C5-7C547724F942} = {D4108461-5B82-4540-ACFE-F70D57A07FCE}
		{F31FCAD9-A5F9-4B9D-9495-2F7A43DD7CF3} = {D4108461-5B82-4540-ACFE-F70D57A07FCE}
		{4DA0FE9F-9A53-45F8-A8BF-6BD157E554E5} = {D2226FE4-84D7-4FA8-A615-385F8501E6F0}
		{43B7A942-CFD6-479C-81A0-F1392DBA2E61} = {6B21E1F7-4A93-4B71-9970-30AD87409214}
		{B783A71A-0C83-4BB3-BC64-28D52C3DD198} = {6B21E1F7-4A93-4B71-9970-30AD87409214}
		{2C8FA7C5-B2F3-45A2-B138-882E47EE3FF1} = {6B21E1F7-4A93-4B71-9970-30AD87409214}
	EndGlobalSection
	GlobalSection(ExtensibilityGlobals) = postSolution
		SolutionGuid = {A96C250B-AEF0-49B3-A567-46097720006A}
	EndGlobalSection
EndGlobal
